{
  "name": "angular-demo",
  "version": "1.0.0",
  "lockfileVersion": 1,
  "requires": true,
  "dependencies": {
    "@uirouter/angularjs": {
      "version": "1.0.25",
      "resolved": "https://registry.npmjs.org/@uirouter/angularjs/-/angularjs-1.0.25.tgz",
      "integrity": "sha512-kf9bxBhqa1ZUw0aDlz4H17VqAD30MVJY6HM7J628vDeNN9yZt7SDYpwqSrR3y6NBadZUPjaKsDoKsyQQSWArNA==",
      "requires": {
        "@uirouter/core": "6.0.4"
      }
    },
    "@uirouter/core": {
      "version": "6.0.4",
      "resolved": "https://registry.npmjs.org/@uirouter/core/-/core-6.0.4.tgz",
      "integrity": "sha512-TQ9XOzZY+jmWKkU4993MAEBIy7Bs3kijDzj+A6RHR8gq/3UoQm3Q/l1igfao5GZyBjid7eRVeipPK14ovCYQ3g=="
    },
    "angular": {
      "version": "1.7.9",
      "resolved": "https://registry.npmjs.org/angular/-/angular-1.7.9.tgz",
      "integrity": "sha512-5se7ZpcOtu0MBFlzGv5dsM1quQDoDeUTwZrWjGtTNA7O88cD8TEk5IEKCTDa3uECV9XnvKREVUr7du1ACiWGFQ=="
    },
    "bootstrap": {
      "version": "4.4.1",
      "resolved": "https://registry.npmjs.org/bootstrap/-/bootstrap-4.4.1.tgz",
      "integrity": "sha512-tbx5cHubwE6e2ZG7nqM3g/FZ5PQEDMWmMGNrCUBVRPHXTJaH7CBDdsLeu3eCh3B1tzAxTnAbtmrzvWEvT2NNEA=="
    },
    "jquery": {
      "version": "3.4.1",
      "resolved": "https://registry.npmjs.org/jquery/-/jquery-3.4.1.tgz",
      "integrity": "sha512-36+AdBzCL+y6qjw5Tx7HgzeGCzC81MDDgaUP8ld2zhx58HdqXGoBd+tHdrBMiyjGQs0Hxs/MLZTu/eHNJJuWPw=="
    },
    "oclazyload": {
      "version": "1.1.0",
      "resolved": "https://registry.npmjs.org/oclazyload/-/oclazyload-1.1.0.tgz",
      "integrity": "sha1-qYBzIvGQggqBwCLy7xcB0DbYPoc="
    }
  }
}
